
Microsoft Visual Studio Solution File, Format Version 12.00
# Visual Studio 15
VisualStudioVersion = 15.0.28010.2046
MinimumVisualStudioVersion = 10.0.40219.1
Project("{E24C65DC-7377-472B-9ABA-BC803B73C61A}") = "my_web_app", "my_web_app\", "{5F2317F0-A19D-4819-9514-AE0E56A6538C}"
	ProjectSection(WebsiteProperties) = preProject
		TargetFrameworkMoniker = ".NETFramework,Version%3Dv4.6.1"
		Debug.AspNetCompiler.VirtualPath = "/localhost_54368"
		Debug.AspNetCompiler.PhysicalPath = "my_web_app\"
		Debug.AspNetCompiler.TargetPath = "PrecompiledWeb\localhost_54368\"
		Debug.AspNetCompiler.Updateable = "true"
		Debug.AspNetCompiler.ForceOverwrite = "true"
		Debug.AspNetCompiler.FixedNames = "false"
		Debug.AspNetCompiler.Debug = "True"
		Release.AspNetCompiler.VirtualPath = "/localhost_54368"
		Release.AspNetCompiler.PhysicalPath = "my_web_app\"
		Release.AspNetCompiler.TargetPath = "PrecompiledWeb\localhost_54368\"
		Release.AspNetCompiler.Updateable = "true"
		Release.AspNetCompiler.ForceOverwrite = "true"
		Release.AspNetCompiler.FixedNames = "false"
		Release.AspNetCompiler.Debug = "False"
		VWDPort = "54368"
		SlnRelativePath = "my_web_app\"
		DefaultWebSiteLanguage = "Visual C#"
	EndProjectSection
EndProject
Global
	GlobalSection(SolutionConfigurationPlatforms) = preSolution
		Debug|Any CPU = Debug|Any CPU
	EndGlobalSection
	GlobalSection(ProjectConfigurationPlatforms) = postSolution
		{5F2317F0-A19D-4819-9514-AE0E56A6538C}.Debug|Any CPU.ActiveCfg = Debug|Any CPU
		{5F2317F0-A19D-4819-9514-AE0E56A6538C}.Debug|Any CPU.Build.0 = Debug|Any CPU
	EndGlobalSection
	GlobalSection(SolutionProperties) = preSolution
		HideSolutionNode = FALSE
	EndGlobalSection
	GlobalSection(ExtensibilityGlobals) = postSolution
		SolutionGuid = {A82ABEE0-2FE3-4D54-8275-4BFA29CEA0B9}
	EndGlobalSection
EndGlobal
